
Microsoft Visual Studio Solution File, Format Version 12.00
# Visual Studio Version 17
VisualStudioVersion = 17.11.35312.102
MinimumVisualStudioVersion = 10.0.40219.1
Project("{FAE04EC0-301F-11D3-BF4B-00C04F79EFBC}") = "drzewa", "drzewa.csproj", "{C4A9E02A-84D4-4664-9C14-7427EDC20BB9}"
EndProject
Global
	GlobalSection(SolutionConfigurationPlatforms) = preSolution
		Debug|Any CPU = Debug|Any CPU
		Release|Any CPU = Release|Any CPU
	EndGlobalSection
	GlobalSection(ProjectConfigurationPlatforms) = postSolution
		{C4A9E02A-84D4-4664-9C14-7427EDC20BB9}.Debug|Any CPU.ActiveCfg = Debug|Any CPU
		{C4A9E02A-84D4-4664-9C14-7427EDC20BB9}.Debug|Any CPU.Build.0 = Debug|Any CPU
		{C4A9E02A-84D4-4664-9C14-7427EDC20BB9}.Release|Any CPU.ActiveCfg = Release|Any CPU
		{C4A9E02A-84D4-4664-9C14-7427EDC20BB9}.Release|Any CPU.Build.0 = Release|Any CPU
	EndGlobalSection
	GlobalSection(SolutionProperties) = preSolution
		HideSolutionNode = FALSE
	EndGlobalSection
	GlobalSection(ExtensibilityGlobals) = postSolution
		SolutionGuid = {76858E6D-2FD4-483D-9930-BBEB61F7BA70}
	EndGlobalSection
EndGlobal
