
Microsoft Visual Studio Solution File, Format Version 12.00
# Visual Studio Version 17
VisualStudioVersion = 17.11.35312.102
MinimumVisualStudioVersion = 10.0.40219.1
Project("{FAE04EC0-301F-11D3-BF4B-00C04F79EFBC}") = "Algorytm Kruskala", "Algorytm Kruskala.csproj", "{B04DDBBE-94C2-419E-9B28-B7A11EB6897C}"
EndProject
Global
	GlobalSection(SolutionConfigurationPlatforms) = preSolution
		Debug|Any CPU = Debug|Any CPU
		Release|Any CPU = Release|Any CPU
	EndGlobalSection
	GlobalSection(ProjectConfigurationPlatforms) = postSolution
		{B04DDBBE-94C2-419E-9B28-B7A11EB6897C}.Debug|Any CPU.ActiveCfg = Debug|Any CPU
		{B04DDBBE-94C2-419E-9B28-B7A11EB6897C}.Debug|Any CPU.Build.0 = Debug|Any CPU
		{B04DDBBE-94C2-419E-9B28-B7A11EB6897C}.Release|Any CPU.ActiveCfg = Release|Any CPU
		{B04DDBBE-94C2-419E-9B28-B7A11EB6897C}.Release|Any CPU.Build.0 = Release|Any CPU
	EndGlobalSection
	GlobalSection(SolutionProperties) = preSolution
		HideSolutionNode = FALSE
	EndGlobalSection
	GlobalSection(ExtensibilityGlobals) = postSolution
		SolutionGuid = {A709058A-E404-4A46-9206-90184187951D}
	EndGlobalSection
EndGlobal
